{
    "_readme": [
        "This file locks the dependencies of your project to a known state",
        "Read more about it at https://getcomposer.org/doc/01-basic-usage.md#composer-lock-the-lock-file",
        "This file is @generated automatically"
    ],
    "hash": "380affb87ded92757ec2fdd5803afa4b",
    "content-hash": "5d2ba8eb0ff42ab0613ac87f3038a339",
    "packages": [
        {
            "name": "jenkins-khan/jenkins-api",
            "version": "dev-master",
            "source": {
                "type": "git",
                "url": "https://github.com/jenkins-khan/jenkins-php-api.git",
                "reference": "587dfc4686aa638d649b208073b2453d57284221"
            },
            "dist": {
                "type": "zip",
                "url": "https://api.github.com/repos/jenkins-khan/jenkins-php-api/zipball/587dfc4686aa638d649b208073b2453d57284221",
                "reference": "587dfc4686aa638d649b208073b2453d57284221",
                "shasum": ""
            },
            "require-dev": {
                "atoum/atoum": "2.0.1"
            },
            "type": "library",
            "autoload": {
                "psr-4": {
                    "JenkinsKhan\\": "src/"
                }
            },
            "notification-url": "https://packagist.org/downloads/",
            "license": [
                "MIT"
            ],
            "authors": [
                {
                    "name": "jenkins-khan",
                    "homepage": "https://github.com/jenkins-khan/jenkins-php-api"
                }
            ],
            "description": "Jenkins PHP API",
            "homepage": "https://github.com/jenkins-khan/jenkins-php-api",
            "keywords": [
                "api",
                "jenkins"
            ],
            "time": "2016-07-03 08:18:44"
        }
    ],
    "packages-dev": [],
    "aliases": [],
    "minimum-stability": "stable",
    "stability-flags": {
        "jenkins-khan/jenkins-api": 20
    },
    "prefer-stable": false,
    "prefer-lowest": false,
    "platform": [],
    "platform-dev": []
}
